# THIS IS AN AUTOGENERATED FILE. DO NOT EDIT THIS FILE DIRECTLY.
# yarn lockfile v1


"@parcel/plugin@^2.0.0-nightly.293":
  version "2.0.0-nightly.298"
  resolved "https://registry.yarnpkg.com/@parcel/plugin/-/plugin-2.0.0-nightly.298.tgz#10051721633ac630347a4dee8834da53ca05ef46"
  integrity sha512-WAyGscxV3VMJNfj/CNSE7FPAiHHZ3YVcKBdXVIOX81NyKNcbSj8+W3rMP7uKXauwklvd69CgQNkxtyOxSrrzwA==
  dependencies:
    "@parcel/types" "2.0.0-nightly.298+8fdd6193"

"@parcel/types@2.0.0-nightly.298+8fdd6193":
  version "2.0.0-nightly.298"
  resolved "https://registry.yarnpkg.com/@parcel/types/-/types-2.0.0-nightly.298.tgz#c8e15273c76778cd8670a51c1416f98898ee9977"
  integrity sha512-i05vrawlZDUBWby39h3dSQjYx6peHW9PfcmIzEwC9fK6MOSmkhZLNLwF5i5TZMGBO5m1GE6EBsMWkMV8MvcPPQ==

"@types/node@^14.0.13":
  version "14.0.13"
  resolved "https://registry.yarnpkg.com/@types/node/-/node-14.0.13.tgz#ee1128e881b874c371374c1f72201893616417c9"
  integrity sha512-rouEWBImiRaSJsVA+ITTFM6ZxibuAlTuNOCyxVbwreu6k6+ujs7DfnU9o+PShFhET78pMBl3eH+AGSI5eOTkPA==

"@types/url-join@^4.0.0":
  version "4.0.0"
  resolved "https://registry.yarnpkg.com/@types/url-join/-/url-join-4.0.0.tgz#72eff71648a429c7d4acf94e03780e06671369bd"
  integrity sha512-awrJu8yML4E/xTwr2EMatC+HBnHGoDxc2+ImA9QyeUELI1S7dOCIZcyjki1rkwoA8P2D2NVgLAJLjnclkdLtAw==

typescript@^3.9.5:
  version "3.9.5"
  resolved "https://registry.yarnpkg.com/typescript/-/typescript-3.9.5.tgz#586f0dba300cde8be52dd1ac4f7e1009c1b13f36"
  integrity sha512-hSAifV3k+i6lEoCJ2k6R2Z/rp/H3+8sdmcn5NrS3/3kE7+RyZXm9aqvxWqjEXHAd8b0pShatpcdMTvEdvAJltQ==

url-join@^4.0.1:
  version "4.0.1"
  resolved "https://registry.yarnpkg.com/url-join/-/url-join-4.0.1.tgz#b642e21a2646808ffa178c4c5fda39844e12cde7"
  integrity sha512-jk1+QP6ZJqyOiuEI9AEWQfju/nB2Pw466kbA0LEZljHwKeMgd9WrAEgEGxjPDD2+TNbbb37rTyhEfrCXfuKXnA==
